
Microsoft Visual Studio Solution File, Format Version 12.00
# Visual Studio Version 17
VisualStudioVersion = 17.0.32002.185
MinimumVisualStudioVersion = 10.0.40219.1
Project("{FAE04EC0-301F-11D3-BF4B-00C04F79EFBC}") = "AutoPrint", "AutoPrint\AutoPrint.csproj", "{A210EFD2-29C5-4C6F-AEB7-ED1C4B115C27}"
EndProject
Global
	GlobalSection(SolutionConfigurationPlatforms) = preSolution
		Debug|Any CPU = Debug|Any CPU
		Release|Any CPU = Release|Any CPU
	EndGlobalSection
	GlobalSection(ProjectConfigurationPlatforms) = postSolution
		{A210EFD2-29C5-4C6F-AEB7-ED1C4B115C27}.Debug|Any CPU.ActiveCfg = Debug|Any CPU
		{A210EFD2-29C5-4C6F-AEB7-ED1C4B115C27}.Debug|Any CPU.Build.0 = Debug|Any CPU
		{A210EFD2-29C5-4C6F-AEB7-ED1C4B115C27}.Release|Any CPU.ActiveCfg = Release|Any CPU
		{A210EFD2-29C5-4C6F-AEB7-ED1C4B115C27}.Release|Any CPU.Build.0 = Release|Any CPU
	EndGlobalSection
	GlobalSection(SolutionProperties) = preSolution
		HideSolutionNode = FALSE
	EndGlobalSection
	GlobalSection(ExtensibilityGlobals) = postSolution
		SolutionGuid = {1BAE411C-28C9-46BC-81DA-00E75895544B}
	EndGlobalSection
EndGlobal
